
Microsoft Visual Studio Solution File, Format Version 12.00
# Visual Studio Version 16
VisualStudioVersion = 16.0.30204.135
MinimumVisualStudioVersion = 10.0.40219.1
Project("{FAE04EC0-301F-11D3-BF4B-00C04F79EFBC}") = "ProductCartCheckout", "ProductCartCheckout\ProductCartCheckout.csproj", "{C1DAB589-ED14-441E-880C-717A31E3D97F}"
EndProject
Global
	GlobalSection(SolutionConfigurationPlatforms) = preSolution
		Debug|Any CPU = Debug|Any CPU
		Release|Any CPU = Release|Any CPU
	EndGlobalSection
	GlobalSection(ProjectConfigurationPlatforms) = postSolution
		{C1DAB589-ED14-441E-880C-717A31E3D97F}.Debug|Any CPU.ActiveCfg = Debug|Any CPU
		{C1DAB589-ED14-441E-880C-717A31E3D97F}.Debug|Any CPU.Build.0 = Debug|Any CPU
		{C1DAB589-ED14-441E-880C-717A31E3D97F}.Release|Any CPU.ActiveCfg = Release|Any CPU
		{C1DAB589-ED14-441E-880C-717A31E3D97F}.Release|Any CPU.Build.0 = Release|Any CPU
	EndGlobalSection
	GlobalSection(SolutionProperties) = preSolution
		HideSolutionNode = FALSE
	EndGlobalSection
	GlobalSection(ExtensibilityGlobals) = postSolution
		SolutionGuid = {164FE137-E624-42B3-91EB-DC8C5212BE15}
	EndGlobalSection
EndGlobal
